
Microsoft Visual Studio Solution File, Format Version 12.00
# Visual Studio 2012
Project("{D954291E-2A0B-460D-934E-DC6B0785DB48}") = "IndoorRouting", "IndoorRouting\IndoorRouting.shproj", "{C74E25B9-776D-4522-891F-660D1A128785}"
EndProject
Project("{FAE04EC0-301F-11D3-BF4B-00C04F79EFBC}") = "IndoorRouting.iOS", "iOS\IndoorRouting.iOS.csproj", "{7955C133-DC15-4F9C-BC27-60E14C6A6509}"
EndProject
Global
	GlobalSection(SolutionConfigurationPlatforms) = preSolution
		Debug|Any CPU = Debug|Any CPU
		Release|Any CPU = Release|Any CPU
		Debug|iPhoneSimulator = Debug|iPhoneSimulator
		Release|iPhone = Release|iPhone
		Release|iPhoneSimulator = Release|iPhoneSimulator
		Debug|iPhone = Debug|iPhone
	EndGlobalSection
	GlobalSection(ProjectConfigurationPlatforms) = postSolution
		{7955C133-DC15-4F9C-BC27-60E14C6A6509}.Debug|Any CPU.ActiveCfg = Debug|iPhoneSimulator
		{7955C133-DC15-4F9C-BC27-60E14C6A6509}.Debug|Any CPU.Build.0 = Debug|iPhoneSimulator
		{7955C133-DC15-4F9C-BC27-60E14C6A6509}.Release|Any CPU.ActiveCfg = Release|iPhone
		{7955C133-DC15-4F9C-BC27-60E14C6A6509}.Release|Any CPU.Build.0 = Release|iPhone
		{7955C133-DC15-4F9C-BC27-60E14C6A6509}.Debug|iPhoneSimulator.ActiveCfg = Debug|iPhoneSimulator
		{7955C133-DC15-4F9C-BC27-60E14C6A6509}.Debug|iPhoneSimulator.Build.0 = Debug|iPhoneSimulator
		{7955C133-DC15-4F9C-BC27-60E14C6A6509}.Release|iPhone.ActiveCfg = Release|iPhone
		{7955C133-DC15-4F9C-BC27-60E14C6A6509}.Release|iPhone.Build.0 = Release|iPhone
		{7955C133-DC15-4F9C-BC27-60E14C6A6509}.Release|iPhoneSimulator.ActiveCfg = Release|iPhoneSimulator
		{7955C133-DC15-4F9C-BC27-60E14C6A6509}.Release|iPhoneSimulator.Build.0 = Release|iPhoneSimulator
		{7955C133-DC15-4F9C-BC27-60E14C6A6509}.Debug|iPhone.ActiveCfg = Debug|iPhone
		{7955C133-DC15-4F9C-BC27-60E14C6A6509}.Debug|iPhone.Build.0 = Debug|iPhone
	EndGlobalSection
	GlobalSection(MonoDevelopProperties) = preSolution
		Policies = $0
		$0.TextStylePolicy = $1
		$1.FileWidth = 120
		$1.inheritsSet = VisualStudio
		$1.inheritsScope = text/plain
		$1.scope = text/x-csharp
		$0.CSharpFormattingPolicy = $2
		$2.IndentSwitchSection = True
		$2.NewLinesForBracesInProperties = True
		$2.NewLinesForBracesInAccessors = True
		$2.NewLinesForBracesInAnonymousMethods = True
		$2.NewLinesForBracesInControlBlocks = True
		$2.NewLinesForBracesInAnonymousTypes = True
		$2.NewLinesForBracesInObjectCollectionArrayInitializers = True
		$2.NewLinesForBracesInLambdaExpressionBody = True
		$2.NewLineForElse = True
		$2.NewLineForCatch = True
		$2.NewLineForFinally = True
		$2.NewLineForMembersInObjectInit = True
		$2.NewLineForMembersInAnonymousTypes = True
		$2.NewLineForClausesInQuery = True
		$2.SpacingAfterMethodDeclarationName = False
		$2.SpaceAfterMethodCallName = False
		$2.SpaceBeforeOpenSquareBracket = False
		$2.inheritsSet = Mono
		$2.inheritsScope = text/x-csharp
		$2.scope = text/x-csharp
	EndGlobalSection
EndGlobal
