
Microsoft Visual Studio Solution File, Format Version 12.00
# Visual Studio 2012
Project("{FAE04EC0-301F-11D3-BF4B-00C04F79EFBC}") = "IndoorRouting.iOS", "IndoorRouting.iOS.csproj", "{7955C133-DC15-4F9C-BC27-60E14C6A6509}"
EndProject
Global
	GlobalSection(SolutionConfigurationPlatforms) = preSolution
		Debug|iPhoneSimulator = Debug|iPhoneSimulator
		Release|iPhone = Release|iPhone
		Release|iPhoneSimulator = Release|iPhoneSimulator
		Debug|iPhone = Debug|iPhone
	EndGlobalSection
	GlobalSection(ProjectConfigurationPlatforms) = postSolution
		{7955C133-DC15-4F9C-BC27-60E14C6A6509}.Debug|iPhoneSimulator.ActiveCfg = Debug|iPhoneSimulator
		{7955C133-DC15-4F9C-BC27-60E14C6A6509}.Debug|iPhoneSimulator.Build.0 = Debug|iPhoneSimulator
		{7955C133-DC15-4F9C-BC27-60E14C6A6509}.Release|iPhone.ActiveCfg = Release|iPhone
		{7955C133-DC15-4F9C-BC27-60E14C6A6509}.Release|iPhone.Build.0 = Release|iPhone
		{7955C133-DC15-4F9C-BC27-60E14C6A6509}.Release|iPhoneSimulator.ActiveCfg = Release|iPhoneSimulator
		{7955C133-DC15-4F9C-BC27-60E14C6A6509}.Release|iPhoneSimulator.Build.0 = Release|iPhoneSimulator
		{7955C133-DC15-4F9C-BC27-60E14C6A6509}.Debug|iPhone.ActiveCfg = Debug|iPhone
		{7955C133-DC15-4F9C-BC27-60E14C6A6509}.Debug|iPhone.Build.0 = Debug|iPhone
	EndGlobalSection
EndGlobal
